<?xml version="1.0" encoding="utf-8"?>
<Project ToolsVersion="14.0" xmlns="http://schemas.microsoft.com/developer/msbuild/2003">
  <ItemGroup>
    <Filter Include="Resource Files">
      <UniqueIdentifier>{67DA6AB6-F800-4c08-8B7A-83BB121AAD01}</UniqueIdentifier>
      <Extensions>rc;ico;cur;bmp;dlg;rc2;rct;bin;rgs;gif;jpg;jpeg;jpe;resx;tga;tiff;tif;png;wav;mfcribbon-ms</Extensions>
    </Filter>
    <Filter Include="proto">
      <UniqueIdentifier>{16e2dad3-5047-480c-98d1-f882968c39f2}</UniqueIdentifier>
    </Filter>
  </ItemGroup>
  <ItemGroup>
    <ClCompile Include="proto\impl\tree.pb.cc">
      <Filter>proto</Filter>
    </ClCompile>
    <ClCompile Include="TreeGenerator.cpp" />
    <ClCompile Include="Branch.cpp" />
    <ClCompile Include="Segment.cpp" />
    <ClCompile Include="Trunk.cpp" />
    <ClCompile Include="Vector2d.cpp" />
    <ClCompile Include="Tree.cpp" />
  </ItemGroup>
  <ItemGroup>
    <ClInclude Include="proto\impl\tree.pb.h">
      <Filter>proto</Filter>
    </ClInclude>
    <ClInclude Include="TreeGenerator.hpp" />
    <ClInclude Include="Branch.hpp" />
    <ClInclude Include="Segment.hpp" />
    <ClInclude Include="Trunk.hpp" />
    <ClInclude Include="Vector2d.hpp" />
    <ClInclude Include="Tree.hpp" />
  </ItemGroup>
</Project>