
Microsoft Visual Studio Solution File, Format Version 12.00
# Visual Studio 14
VisualStudioVersion = 14.0.25123.0
MinimumVisualStudioVersion = 10.0.40219.1
Project("{2150E333-8FDC-42A3-9474-1A3956D46DE8}") = "Protobuf", "Protobuf", "{C184F776-5A94-4B87-929B-A88AD2EBF43E}"
EndProject
Project("{8BC9CEB8-8B4A-11D0-8D11-00A0C91BC942}") = "protoc", "protobuf\vs\protoc.vcxproj", "{EA01CE96-0FC5-4F1A-A484-D0C160CFAB3E}"
EndProject
Project("{8BC9CEB8-8B4A-11D0-8D11-00A0C91BC942}") = "libprotoc", "protobuf\vs\libprotoc.vcxproj", "{8F4DEE32-4249-43EA-9AD1-7FC36A70644A}"
EndProject
Project("{8BC9CEB8-8B4A-11D0-8D11-00A0C91BC942}") = "libprotobuf", "protobuf\vs\libprotobuf.vcxproj", "{24144E8B-8094-4341-AB52-2ADBD63DDA0F}"
EndProject
Project("{8BC9CEB8-8B4A-11D0-8D11-00A0C91BC942}") = "Model", "Model\Model.vcxproj", "{E4418626-ADF9-4EFB-895D-4BDA6161EC5A}"
EndProject
Project("{8BC9CEB8-8B4A-11D0-8D11-00A0C91BC942}") = "Util", "Utilities\Util.vcxproj", "{172392A8-D69D-4DAE-9A4A-9511D946407D}"
EndProject
Project("{8BC9CEB8-8B4A-11D0-8D11-00A0C91BC942}") = "Tamarak", "Tamarak\Tamarak.vcxproj", "{5AB176BF-EB28-41CC-AB8C-2C33BE01B7A7}"
EndProject
Global
	GlobalSection(SolutionConfigurationPlatforms) = preSolution
		Debug|ARM = Debug|ARM
		Debug|x64 = Debug|x64
		Debug|x86 = Debug|x86
		MinSizeRel|ARM = MinSizeRel|ARM
		MinSizeRel|x64 = MinSizeRel|x64
		MinSizeRel|x86 = MinSizeRel|x86
		Release|ARM = Release|ARM
		Release|x64 = Release|x64
		Release|x86 = Release|x86
		RelWithDebInfo|ARM = RelWithDebInfo|ARM
		RelWithDebInfo|x64 = RelWithDebInfo|x64
		RelWithDebInfo|x86 = RelWithDebInfo|x86
	EndGlobalSection
	GlobalSection(ProjectConfigurationPlatforms) = postSolution
		{EA01CE96-0FC5-4F1A-A484-D0C160CFAB3E}.Debug|ARM.ActiveCfg = Debug|x64
		{EA01CE96-0FC5-4F1A-A484-D0C160CFAB3E}.Debug|x64.ActiveCfg = Debug|x64
		{EA01CE96-0FC5-4F1A-A484-D0C160CFAB3E}.Debug|x64.Build.0 = Debug|x64
		{EA01CE96-0FC5-4F1A-A484-D0C160CFAB3E}.Debug|x86.ActiveCfg = Debug|x64
		{EA01CE96-0FC5-4F1A-A484-D0C160CFAB3E}.MinSizeRel|ARM.ActiveCfg = MinSizeRel|x64
		{EA01CE96-0FC5-4F1A-A484-D0C160CFAB3E}.MinSizeRel|x64.ActiveCfg = MinSizeRel|x64
		{EA01CE96-0FC5-4F1A-A484-D0C160CFAB3E}.MinSizeRel|x64.Build.0 = MinSizeRel|x64
		{EA01CE96-0FC5-4F1A-A484-D0C160CFAB3E}.MinSizeRel|x86.ActiveCfg = MinSizeRel|x64
		{EA01CE96-0FC5-4F1A-A484-D0C160CFAB3E}.Release|ARM.ActiveCfg = Release|x64
		{EA01CE96-0FC5-4F1A-A484-D0C160CFAB3E}.Release|x64.ActiveCfg = Release|x64
		{EA01CE96-0FC5-4F1A-A484-D0C160CFAB3E}.Release|x64.Build.0 = Release|x64
		{EA01CE96-0FC5-4F1A-A484-D0C160CFAB3E}.Release|x86.ActiveCfg = Release|x64
		{EA01CE96-0FC5-4F1A-A484-D0C160CFAB3E}.RelWithDebInfo|ARM.ActiveCfg = RelWithDebInfo|x64
		{EA01CE96-0FC5-4F1A-A484-D0C160CFAB3E}.RelWithDebInfo|x64.ActiveCfg = RelWithDebInfo|x64
		{EA01CE96-0FC5-4F1A-A484-D0C160CFAB3E}.RelWithDebInfo|x64.Build.0 = RelWithDebInfo|x64
		{EA01CE96-0FC5-4F1A-A484-D0C160CFAB3E}.RelWithDebInfo|x86.ActiveCfg = RelWithDebInfo|x64
		{8F4DEE32-4249-43EA-9AD1-7FC36A70644A}.Debug|ARM.ActiveCfg = Debug|x64
		{8F4DEE32-4249-43EA-9AD1-7FC36A70644A}.Debug|x64.ActiveCfg = Debug|x64
		{8F4DEE32-4249-43EA-9AD1-7FC36A70644A}.Debug|x64.Build.0 = Debug|x64
		{8F4DEE32-4249-43EA-9AD1-7FC36A70644A}.Debug|x86.ActiveCfg = Debug|x64
		{8F4DEE32-4249-43EA-9AD1-7FC36A70644A}.MinSizeRel|ARM.ActiveCfg = MinSizeRel|x64
		{8F4DEE32-4249-43EA-9AD1-7FC36A70644A}.MinSizeRel|x64.ActiveCfg = MinSizeRel|x64
		{8F4DEE32-4249-43EA-9AD1-7FC36A70644A}.MinSizeRel|x64.Build.0 = MinSizeRel|x64
		{8F4DEE32-4249-43EA-9AD1-7FC36A70644A}.MinSizeRel|x86.ActiveCfg = MinSizeRel|x64
		{8F4DEE32-4249-43EA-9AD1-7FC36A70644A}.Release|ARM.ActiveCfg = Release|x64
		{8F4DEE32-4249-43EA-9AD1-7FC36A70644A}.Release|x64.ActiveCfg = Release|x64
		{8F4DEE32-4249-43EA-9AD1-7FC36A70644A}.Release|x64.Build.0 = Release|x64
		{8F4DEE32-4249-43EA-9AD1-7FC36A70644A}.Release|x86.ActiveCfg = Release|x64
		{8F4DEE32-4249-43EA-9AD1-7FC36A70644A}.RelWithDebInfo|ARM.ActiveCfg = RelWithDebInfo|x64
		{8F4DEE32-4249-43EA-9AD1-7FC36A70644A}.RelWithDebInfo|x64.ActiveCfg = RelWithDebInfo|x64
		{8F4DEE32-4249-43EA-9AD1-7FC36A70644A}.RelWithDebInfo|x64.Build.0 = RelWithDebInfo|x64
		{8F4DEE32-4249-43EA-9AD1-7FC36A70644A}.RelWithDebInfo|x86.ActiveCfg = RelWithDebInfo|x64
		{24144E8B-8094-4341-AB52-2ADBD63DDA0F}.Debug|ARM.ActiveCfg = Debug|x64
		{24144E8B-8094-4341-AB52-2ADBD63DDA0F}.Debug|x64.ActiveCfg = Debug|x64
		{24144E8B-8094-4341-AB52-2ADBD63DDA0F}.Debug|x64.Build.0 = Debug|x64
		{24144E8B-8094-4341-AB52-2ADBD63DDA0F}.Debug|x86.ActiveCfg = Debug|x64
		{24144E8B-8094-4341-AB52-2ADBD63DDA0F}.MinSizeRel|ARM.ActiveCfg = MinSizeRel|x64
		{24144E8B-8094-4341-AB52-2ADBD63DDA0F}.MinSizeRel|x64.ActiveCfg = MinSizeRel|x64
		{24144E8B-8094-4341-AB52-2ADBD63DDA0F}.MinSizeRel|x64.Build.0 = MinSizeRel|x64
		{24144E8B-8094-4341-AB52-2ADBD63DDA0F}.MinSizeRel|x86.ActiveCfg = MinSizeRel|x64
		{24144E8B-8094-4341-AB52-2ADBD63DDA0F}.Release|ARM.ActiveCfg = Release|x64
		{24144E8B-8094-4341-AB52-2ADBD63DDA0F}.Release|x64.ActiveCfg = Release|x64
		{24144E8B-8094-4341-AB52-2ADBD63DDA0F}.Release|x64.Build.0 = Release|x64
		{24144E8B-8094-4341-AB52-2ADBD63DDA0F}.Release|x86.ActiveCfg = Release|x64
		{24144E8B-8094-4341-AB52-2ADBD63DDA0F}.RelWithDebInfo|ARM.ActiveCfg = RelWithDebInfo|x64
		{24144E8B-8094-4341-AB52-2ADBD63DDA0F}.RelWithDebInfo|x64.ActiveCfg = RelWithDebInfo|x64
		{24144E8B-8094-4341-AB52-2ADBD63DDA0F}.RelWithDebInfo|x64.Build.0 = RelWithDebInfo|x64
		{24144E8B-8094-4341-AB52-2ADBD63DDA0F}.RelWithDebInfo|x86.ActiveCfg = RelWithDebInfo|x64
		{E4418626-ADF9-4EFB-895D-4BDA6161EC5A}.Debug|ARM.ActiveCfg = Debug|ARM
		{E4418626-ADF9-4EFB-895D-4BDA6161EC5A}.Debug|ARM.Build.0 = Debug|ARM
		{E4418626-ADF9-4EFB-895D-4BDA6161EC5A}.Debug|x64.ActiveCfg = Debug|x64
		{E4418626-ADF9-4EFB-895D-4BDA6161EC5A}.Debug|x64.Build.0 = Debug|x64
		{E4418626-ADF9-4EFB-895D-4BDA6161EC5A}.Debug|x86.ActiveCfg = Debug|Win32
		{E4418626-ADF9-4EFB-895D-4BDA6161EC5A}.Debug|x86.Build.0 = Debug|Win32
		{E4418626-ADF9-4EFB-895D-4BDA6161EC5A}.MinSizeRel|ARM.ActiveCfg = Release|ARM
		{E4418626-ADF9-4EFB-895D-4BDA6161EC5A}.MinSizeRel|ARM.Build.0 = Release|ARM
		{E4418626-ADF9-4EFB-895D-4BDA6161EC5A}.MinSizeRel|x64.ActiveCfg = Release|x64
		{E4418626-ADF9-4EFB-895D-4BDA6161EC5A}.MinSizeRel|x64.Build.0 = Release|x64
		{E4418626-ADF9-4EFB-895D-4BDA6161EC5A}.MinSizeRel|x86.ActiveCfg = Release|Win32
		{E4418626-ADF9-4EFB-895D-4BDA6161EC5A}.MinSizeRel|x86.Build.0 = Release|Win32
		{E4418626-ADF9-4EFB-895D-4BDA6161EC5A}.Release|ARM.ActiveCfg = Release|ARM
		{E4418626-ADF9-4EFB-895D-4BDA6161EC5A}.Release|ARM.Build.0 = Release|ARM
		{E4418626-ADF9-4EFB-895D-4BDA6161EC5A}.Release|x64.ActiveCfg = Release|x64
		{E4418626-ADF9-4EFB-895D-4BDA6161EC5A}.Release|x64.Build.0 = Release|x64
		{E4418626-ADF9-4EFB-895D-4BDA6161EC5A}.Release|x86.ActiveCfg = Release|Win32
		{E4418626-ADF9-4EFB-895D-4BDA6161EC5A}.Release|x86.Build.0 = Release|Win32
		{E4418626-ADF9-4EFB-895D-4BDA6161EC5A}.RelWithDebInfo|ARM.ActiveCfg = Release|ARM
		{E4418626-ADF9-4EFB-895D-4BDA6161EC5A}.RelWithDebInfo|ARM.Build.0 = Release|ARM
		{E4418626-ADF9-4EFB-895D-4BDA6161EC5A}.RelWithDebInfo|x64.ActiveCfg = Release|x64
		{E4418626-ADF9-4EFB-895D-4BDA6161EC5A}.RelWithDebInfo|x64.Build.0 = Release|x64
		{E4418626-ADF9-4EFB-895D-4BDA6161EC5A}.RelWithDebInfo|x86.ActiveCfg = Release|Win32
		{E4418626-ADF9-4EFB-895D-4BDA6161EC5A}.RelWithDebInfo|x86.Build.0 = Release|Win32
		{172392A8-D69D-4DAE-9A4A-9511D946407D}.Debug|ARM.ActiveCfg = Debug|ARM
		{172392A8-D69D-4DAE-9A4A-9511D946407D}.Debug|ARM.Build.0 = Debug|ARM
		{172392A8-D69D-4DAE-9A4A-9511D946407D}.Debug|x64.ActiveCfg = Debug|x64
		{172392A8-D69D-4DAE-9A4A-9511D946407D}.Debug|x64.Build.0 = Debug|x64
		{172392A8-D69D-4DAE-9A4A-9511D946407D}.Debug|x86.ActiveCfg = Debug|Win32
		{172392A8-D69D-4DAE-9A4A-9511D946407D}.Debug|x86.Build.0 = Debug|Win32
		{172392A8-D69D-4DAE-9A4A-9511D946407D}.MinSizeRel|ARM.ActiveCfg = Release|ARM
		{172392A8-D69D-4DAE-9A4A-9511D946407D}.MinSizeRel|ARM.Build.0 = Release|ARM
		{172392A8-D69D-4DAE-9A4A-9511D946407D}.MinSizeRel|x64.ActiveCfg = Release|x64
		{172392A8-D69D-4DAE-9A4A-9511D946407D}.MinSizeRel|x64.Build.0 = Release|x64
		{172392A8-D69D-4DAE-9A4A-9511D946407D}.MinSizeRel|x86.ActiveCfg = Release|Win32
		{172392A8-D69D-4DAE-9A4A-9511D946407D}.MinSizeRel|x86.Build.0 = Release|Win32
		{172392A8-D69D-4DAE-9A4A-9511D946407D}.Release|ARM.ActiveCfg = Release|ARM
		{172392A8-D69D-4DAE-9A4A-9511D946407D}.Release|ARM.Build.0 = Release|ARM
		{172392A8-D69D-4DAE-9A4A-9511D946407D}.Release|x64.ActiveCfg = Release|x64
		{172392A8-D69D-4DAE-9A4A-9511D946407D}.Release|x64.Build.0 = Release|x64
		{172392A8-D69D-4DAE-9A4A-9511D946407D}.Release|x86.ActiveCfg = Release|Win32
		{172392A8-D69D-4DAE-9A4A-9511D946407D}.Release|x86.Build.0 = Release|Win32
		{172392A8-D69D-4DAE-9A4A-9511D946407D}.RelWithDebInfo|ARM.ActiveCfg = Release|ARM
		{172392A8-D69D-4DAE-9A4A-9511D946407D}.RelWithDebInfo|ARM.Build.0 = Release|ARM
		{172392A8-D69D-4DAE-9A4A-9511D946407D}.RelWithDebInfo|x64.ActiveCfg = Release|x64
		{172392A8-D69D-4DAE-9A4A-9511D946407D}.RelWithDebInfo|x64.Build.0 = Release|x64
		{172392A8-D69D-4DAE-9A4A-9511D946407D}.RelWithDebInfo|x86.ActiveCfg = Release|Win32
		{172392A8-D69D-4DAE-9A4A-9511D946407D}.RelWithDebInfo|x86.Build.0 = Release|Win32
		{5AB176BF-EB28-41CC-AB8C-2C33BE01B7A7}.Debug|ARM.ActiveCfg = Debug|ARM
		{5AB176BF-EB28-41CC-AB8C-2C33BE01B7A7}.Debug|ARM.Build.0 = Debug|ARM
		{5AB176BF-EB28-41CC-AB8C-2C33BE01B7A7}.Debug|ARM.Deploy.0 = Debug|ARM
		{5AB176BF-EB28-41CC-AB8C-2C33BE01B7A7}.Debug|x64.ActiveCfg = Debug|x64
		{5AB176BF-EB28-41CC-AB8C-2C33BE01B7A7}.Debug|x64.Build.0 = Debug|x64
		{5AB176BF-EB28-41CC-AB8C-2C33BE01B7A7}.Debug|x64.Deploy.0 = Debug|x64
		{5AB176BF-EB28-41CC-AB8C-2C33BE01B7A7}.Debug|x86.ActiveCfg = Debug|Win32
		{5AB176BF-EB28-41CC-AB8C-2C33BE01B7A7}.Debug|x86.Build.0 = Debug|Win32
		{5AB176BF-EB28-41CC-AB8C-2C33BE01B7A7}.Debug|x86.Deploy.0 = Debug|Win32
		{5AB176BF-EB28-41CC-AB8C-2C33BE01B7A7}.MinSizeRel|ARM.ActiveCfg = Release|ARM
		{5AB176BF-EB28-41CC-AB8C-2C33BE01B7A7}.MinSizeRel|ARM.Build.0 = Release|ARM
		{5AB176BF-EB28-41CC-AB8C-2C33BE01B7A7}.MinSizeRel|ARM.Deploy.0 = Release|ARM
		{5AB176BF-EB28-41CC-AB8C-2C33BE01B7A7}.MinSizeRel|x64.ActiveCfg = Release|x64
		{5AB176BF-EB28-41CC-AB8C-2C33BE01B7A7}.MinSizeRel|x64.Build.0 = Release|x64
		{5AB176BF-EB28-41CC-AB8C-2C33BE01B7A7}.MinSizeRel|x64.Deploy.0 = Release|x64
		{5AB176BF-EB28-41CC-AB8C-2C33BE01B7A7}.MinSizeRel|x86.ActiveCfg = Release|Win32
		{5AB176BF-EB28-41CC-AB8C-2C33BE01B7A7}.MinSizeRel|x86.Build.0 = Release|Win32
		{5AB176BF-EB28-41CC-AB8C-2C33BE01B7A7}.MinSizeRel|x86.Deploy.0 = Release|Win32
		{5AB176BF-EB28-41CC-AB8C-2C33BE01B7A7}.Release|ARM.ActiveCfg = Release|ARM
		{5AB176BF-EB28-41CC-AB8C-2C33BE01B7A7}.Release|ARM.Build.0 = Release|ARM
		{5AB176BF-EB28-41CC-AB8C-2C33BE01B7A7}.Release|ARM.Deploy.0 = Release|ARM
		{5AB176BF-EB28-41CC-AB8C-2C33BE01B7A7}.Release|x64.ActiveCfg = Release|x64
		{5AB176BF-EB28-41CC-AB8C-2C33BE01B7A7}.Release|x64.Build.0 = Release|x64
		{5AB176BF-EB28-41CC-AB8C-2C33BE01B7A7}.Release|x64.Deploy.0 = Release|x64
		{5AB176BF-EB28-41CC-AB8C-2C33BE01B7A7}.Release|x86.ActiveCfg = Release|Win32
		{5AB176BF-EB28-41CC-AB8C-2C33BE01B7A7}.Release|x86.Build.0 = Release|Win32
		{5AB176BF-EB28-41CC-AB8C-2C33BE01B7A7}.Release|x86.Deploy.0 = Release|Win32
		{5AB176BF-EB28-41CC-AB8C-2C33BE01B7A7}.RelWithDebInfo|ARM.ActiveCfg = Release|ARM
		{5AB176BF-EB28-41CC-AB8C-2C33BE01B7A7}.RelWithDebInfo|ARM.Build.0 = Release|ARM
		{5AB176BF-EB28-41CC-AB8C-2C33BE01B7A7}.RelWithDebInfo|ARM.Deploy.0 = Release|ARM
		{5AB176BF-EB28-41CC-AB8C-2C33BE01B7A7}.RelWithDebInfo|x64.ActiveCfg = Release|x64
		{5AB176BF-EB28-41CC-AB8C-2C33BE01B7A7}.RelWithDebInfo|x64.Build.0 = Release|x64
		{5AB176BF-EB28-41CC-AB8C-2C33BE01B7A7}.RelWithDebInfo|x64.Deploy.0 = Release|x64
		{5AB176BF-EB28-41CC-AB8C-2C33BE01B7A7}.RelWithDebInfo|x86.ActiveCfg = Release|Win32
		{5AB176BF-EB28-41CC-AB8C-2C33BE01B7A7}.RelWithDebInfo|x86.Build.0 = Release|Win32
		{5AB176BF-EB28-41CC-AB8C-2C33BE01B7A7}.RelWithDebInfo|x86.Deploy.0 = Release|Win32
	EndGlobalSection
	GlobalSection(SolutionProperties) = preSolution
		HideSolutionNode = FALSE
	EndGlobalSection
	GlobalSection(NestedProjects) = preSolution
		{EA01CE96-0FC5-4F1A-A484-D0C160CFAB3E} = {C184F776-5A94-4B87-929B-A88AD2EBF43E}
		{8F4DEE32-4249-43EA-9AD1-7FC36A70644A} = {C184F776-5A94-4B87-929B-A88AD2EBF43E}
		{24144E8B-8094-4341-AB52-2ADBD63DDA0F} = {C184F776-5A94-4B87-929B-A88AD2EBF43E}
	EndGlobalSection
EndGlobal
